
Microsoft Visual Studio Solution File, Format Version 12.00
# Visual Studio 15
VisualStudioVersion = 15.0.27004.2009
MinimumVisualStudioVersion = 10.0.40219.1
Project("{2150E333-8FDC-42A3-9474-1A3956D46DE8}") = "Solution Items", "Solution Items", "{0C2C09BA-A5EC-45AF-B44B-08FB80D3F678}"
	ProjectSection(SolutionItems) = preProject
		.gitignore = .gitignore
		README.md = README.md
	EndProjectSection
EndProject
Project("{9A19103F-16F7-4668-BE54-9A1E7A4F7556}") = "AGL.ProgrammingChallenge.ConsoleApp", "AGL.ProgrammingChallenge.ConsoleApp\AGL.ProgrammingChallenge.ConsoleApp.csproj", "{02A405A8-3821-4DEC-B496-71D424512202}"
EndProject
Project("{9A19103F-16F7-4668-BE54-9A1E7A4F7556}") = "AGL.ProgrammingChallenge.Utility", "AGL.ProgrammingChallenge.Utility\AGL.ProgrammingChallenge.Utility.csproj", "{73E5F925-505D-42CE-BC27-EF91C831FB63}"
EndProject
Project("{9A19103F-16F7-4668-BE54-9A1E7A4F7556}") = "AGL.ProgrammingChallenge.Common", "AGL.ProgrammingChallenge.Common\AGL.ProgrammingChallenge.Common.csproj", "{C31A375C-0100-4566-82CA-FC72F01281DA}"
EndProject
Project("{9A19103F-16F7-4668-BE54-9A1E7A4F7556}") = "AGL.ProgrammingChallenge.Models", "AGL.ProgrammingChallenge.Models\AGL.ProgrammingChallenge.Models.csproj", "{1D25FA0C-CE49-437A-B5EB-18642428C1D6}"
EndProject
Project("{9A19103F-16F7-4668-BE54-9A1E7A4F7556}") = "AGL.ProgrammingChallenge.UnitTest", "AGL.ProgrammingChallenge.UnitTest\AGL.ProgrammingChallenge.UnitTest.csproj", "{0F4B92C7-4791-4BF2-A0CF-FE8720E79623}"
EndProject
Global
	GlobalSection(SolutionConfigurationPlatforms) = preSolution
		Debug|Any CPU = Debug|Any CPU
		Release|Any CPU = Release|Any CPU
	EndGlobalSection
	GlobalSection(ProjectConfigurationPlatforms) = postSolution
		{02A405A8-3821-4DEC-B496-71D424512202}.Debug|Any CPU.ActiveCfg = Debug|Any CPU
		{02A405A8-3821-4DEC-B496-71D424512202}.Debug|Any CPU.Build.0 = Debug|Any CPU
		{02A405A8-3821-4DEC-B496-71D424512202}.Release|Any CPU.ActiveCfg = Release|Any CPU
		{02A405A8-3821-4DEC-B496-71D424512202}.Release|Any CPU.Build.0 = Release|Any CPU
		{73E5F925-505D-42CE-BC27-EF91C831FB63}.Debug|Any CPU.ActiveCfg = Debug|Any CPU
		{73E5F925-505D-42CE-BC27-EF91C831FB63}.Debug|Any CPU.Build.0 = Debug|Any CPU
		{73E5F925-505D-42CE-BC27-EF91C831FB63}.Release|Any CPU.ActiveCfg = Release|Any CPU
		{73E5F925-505D-42CE-BC27-EF91C831FB63}.Release|Any CPU.Build.0 = Release|Any CPU
		{C31A375C-0100-4566-82CA-FC72F01281DA}.Debug|Any CPU.ActiveCfg = Debug|Any CPU
		{C31A375C-0100-4566-82CA-FC72F01281DA}.Debug|Any CPU.Build.0 = Debug|Any CPU
		{C31A375C-0100-4566-82CA-FC72F01281DA}.Release|Any CPU.ActiveCfg = Release|Any CPU
		{C31A375C-0100-4566-82CA-FC72F01281DA}.Release|Any CPU.Build.0 = Release|Any CPU
		{1D25FA0C-CE49-437A-B5EB-18642428C1D6}.Debug|Any CPU.ActiveCfg = Debug|Any CPU
		{1D25FA0C-CE49-437A-B5EB-18642428C1D6}.Debug|Any CPU.Build.0 = Debug|Any CPU
		{1D25FA0C-CE49-437A-B5EB-18642428C1D6}.Release|Any CPU.ActiveCfg = Release|Any CPU
		{1D25FA0C-CE49-437A-B5EB-18642428C1D6}.Release|Any CPU.Build.0 = Release|Any CPU
		{0F4B92C7-4791-4BF2-A0CF-FE8720E79623}.Debug|Any CPU.ActiveCfg = Debug|Any CPU
		{0F4B92C7-4791-4BF2-A0CF-FE8720E79623}.Debug|Any CPU.Build.0 = Debug|Any CPU
		{0F4B92C7-4791-4BF2-A0CF-FE8720E79623}.Release|Any CPU.ActiveCfg = Release|Any CPU
		{0F4B92C7-4791-4BF2-A0CF-FE8720E79623}.Release|Any CPU.Build.0 = Release|Any CPU
	EndGlobalSection
	GlobalSection(SolutionProperties) = preSolution
		HideSolutionNode = FALSE
	EndGlobalSection
	GlobalSection(ExtensibilityGlobals) = postSolution
		SolutionGuid = {57E31D65-3E5A-4812-BA81-E089D577AD20}
	EndGlobalSection
EndGlobal
